
Microsoft Visual Studio Solution File, Format Version 12.00
# Visual Studio Version 17
VisualStudioVersion = 17.7.34221.43
MinimumVisualStudioVersion = 10.0.40219.1
Project("{FAE04EC0-301F-11D3-BF4B-00C04F79EFBC}") = "IMBA", "IMBA\IMBA.csproj", "{D28BC240-E681-4890-BAD3-A0D65B756EAF}"
EndProject
Project("{2150E333-8FDC-42A3-9474-1A3956D46DE8}") = "Assistant", "Assistant", "{FC295CBD-8BD4-4F47-B973-D3D1CEE20B51}"
EndProject
Project("{2150E333-8FDC-42A3-9474-1A3956D46DE8}") = "HomeWork", "HomeWork", "{0B9150F7-DA1B-4554-977D-5E3825BD7617}"
EndProject
Project("{FAE04EC0-301F-11D3-BF4B-00C04F79EFBC}") = "Assistant", "Assistant\Assistant.csproj", "{52088AAF-D28A-4EA1-90B8-7322D2FAD9A6}"
EndProject
Project("{FAE04EC0-301F-11D3-BF4B-00C04F79EFBC}") = "DataBaseHOME", "DataBaseHOME\DataBaseHOME.csproj", "{44F44E62-C2DB-4205-B804-4281B91F59B7}"
EndProject
Project("{FAE04EC0-301F-11D3-BF4B-00C04F79EFBC}") = "DeckCard", "DeckCard\DeckCard.csproj", "{1ED4DE81-E67E-4736-938F-A34ED7402812}"
EndProject
Project("{FAE04EC0-301F-11D3-BF4B-00C04F79EFBC}") = "GladiatorFightsHOME", "GladiatorFightsHOME\GladiatorFightsHOME.csproj", "{A1D0DF96-3070-4B9D-A907-0C6103A65FDC}"
EndProject
Project("{FAE04EC0-301F-11D3-BF4B-00C04F79EFBC}") = "StorageBook", "StorageBook\StorageBook.csproj", "{8B0C7459-34B3-48B2-B2CA-E6C03B2D6759}"
EndProject
Project("{FAE04EC0-301F-11D3-BF4B-00C04F79EFBC}") = "SupermarketHOME", "SupermarketHOME\SupermarketHOME.csproj", "{49B3FDFD-C1AB-4D7A-ABDF-60C7908F9744}"
EndProject
Project("{FAE04EC0-301F-11D3-BF4B-00C04F79EFBC}") = "TrainConfiguratorHOME", "TrainConfiguratorHOME\TrainConfiguratorHOME.csproj", "{C69BBBFC-93FE-4C4D-8C2A-BE27642E19A7}"
EndProject
Project("{FAE04EC0-301F-11D3-BF4B-00C04F79EFBC}") = "warHOME", "warHOME\warHOME.csproj", "{87DDF4B1-5323-4D74-95FF-BE41FEC8108C}"
EndProject
Project("{FAE04EC0-301F-11D3-BF4B-00C04F79EFBC}") = "AquariumHOME", "AquariumHOME\AquariumHOME.csproj", "{90F6EE76-AD53-4996-9D32-7EECF4F54B65}"
EndProject
Project("{FAE04EC0-301F-11D3-BF4B-00C04F79EFBC}") = "ZooHOME", "ZooHOME\ZooHOME.csproj", "{06669F1E-5AFE-4F50-83CF-080F9BEC4C40}"
EndProject
Project("{FAE04EC0-301F-11D3-BF4B-00C04F79EFBC}") = "CarServiceHOME", "CarServiceHOME\CarServiceHOME.csproj", "{54DF26B6-C017-410D-8CEF-30739489A5C8}"
EndProject
Project("{FAE04EC0-301F-11D3-BF4B-00C04F79EFBC}") = "SearchCriminal", "Linq\SearchCriminal.csproj", "{7DEADD90-5277-4272-A552-A314BAC853CE}"
EndProject
Project("{FAE04EC0-301F-11D3-BF4B-00C04F79EFBC}") = "Amnesty", "Amnesty\Amnesty.csproj", "{503549A2-E74A-4342-AC4D-F2D4F36F38F7}"
EndProject
Project("{FAE04EC0-301F-11D3-BF4B-00C04F79EFBC}") = "AnarchyInHospital", "AnarchyInHospital\AnarchyInHospital.csproj", "{4DE7330D-EA6D-4CE2-8948-9226A8CCD947}"
EndProject
Project("{FAE04EC0-301F-11D3-BF4B-00C04F79EFBC}") = "TopServerPlayers", "TopServerPlayers\TopServerPlayers.csproj", "{663CD207-70AE-4D7E-A8B3-B28B4287E36E}"
EndProject
Project("{FAE04EC0-301F-11D3-BF4B-00C04F79EFBC}") = "SearchForStew", "SearchForStew\SearchForStew.csproj", "{14E13454-544F-4979-B735-66C94FD55D00}"
EndProject
Project("{FAE04EC0-301F-11D3-BF4B-00C04F79EFBC}") = "WeaponsReport", "WeaponsReport\WeaponsReport.csproj", "{9B80EFA4-4B9D-4A18-A487-2E07CC88A69A}"
EndProject
Project("{FAE04EC0-301F-11D3-BF4B-00C04F79EFBC}") = "UnificationOfTroops", "UnificationOfTroops\UnificationOfTroops.csproj", "{920F6AB4-AC1E-45A2-B3A0-B218EDB61DF9}"
EndProject
Global
	GlobalSection(SolutionConfigurationPlatforms) = preSolution
		Debug|Any CPU = Debug|Any CPU
		Release|Any CPU = Release|Any CPU
	EndGlobalSection
	GlobalSection(ProjectConfigurationPlatforms) = postSolution
		{D28BC240-E681-4890-BAD3-A0D65B756EAF}.Debug|Any CPU.ActiveCfg = Debug|Any CPU
		{D28BC240-E681-4890-BAD3-A0D65B756EAF}.Debug|Any CPU.Build.0 = Debug|Any CPU
		{D28BC240-E681-4890-BAD3-A0D65B756EAF}.Release|Any CPU.ActiveCfg = Release|Any CPU
		{D28BC240-E681-4890-BAD3-A0D65B756EAF}.Release|Any CPU.Build.0 = Release|Any CPU
		{52088AAF-D28A-4EA1-90B8-7322D2FAD9A6}.Debug|Any CPU.ActiveCfg = Debug|Any CPU
		{52088AAF-D28A-4EA1-90B8-7322D2FAD9A6}.Debug|Any CPU.Build.0 = Debug|Any CPU
		{52088AAF-D28A-4EA1-90B8-7322D2FAD9A6}.Release|Any CPU.ActiveCfg = Release|Any CPU
		{52088AAF-D28A-4EA1-90B8-7322D2FAD9A6}.Release|Any CPU.Build.0 = Release|Any CPU
		{44F44E62-C2DB-4205-B804-4281B91F59B7}.Debug|Any CPU.ActiveCfg = Debug|Any CPU
		{44F44E62-C2DB-4205-B804-4281B91F59B7}.Debug|Any CPU.Build.0 = Debug|Any CPU
		{44F44E62-C2DB-4205-B804-4281B91F59B7}.Release|Any CPU.ActiveCfg = Release|Any CPU
		{44F44E62-C2DB-4205-B804-4281B91F59B7}.Release|Any CPU.Build.0 = Release|Any CPU
		{1ED4DE81-E67E-4736-938F-A34ED7402812}.Debug|Any CPU.ActiveCfg = Debug|Any CPU
		{1ED4DE81-E67E-4736-938F-A34ED7402812}.Debug|Any CPU.Build.0 = Debug|Any CPU
		{1ED4DE81-E67E-4736-938F-A34ED7402812}.Release|Any CPU.ActiveCfg = Release|Any CPU
		{1ED4DE81-E67E-4736-938F-A34ED7402812}.Release|Any CPU.Build.0 = Release|Any CPU
		{A1D0DF96-3070-4B9D-A907-0C6103A65FDC}.Debug|Any CPU.ActiveCfg = Debug|Any CPU
		{A1D0DF96-3070-4B9D-A907-0C6103A65FDC}.Debug|Any CPU.Build.0 = Debug|Any CPU
		{A1D0DF96-3070-4B9D-A907-0C6103A65FDC}.Release|Any CPU.ActiveCfg = Release|Any CPU
		{A1D0DF96-3070-4B9D-A907-0C6103A65FDC}.Release|Any CPU.Build.0 = Release|Any CPU
		{8B0C7459-34B3-48B2-B2CA-E6C03B2D6759}.Debug|Any CPU.ActiveCfg = Debug|Any CPU
		{8B0C7459-34B3-48B2-B2CA-E6C03B2D6759}.Debug|Any CPU.Build.0 = Debug|Any CPU
		{8B0C7459-34B3-48B2-B2CA-E6C03B2D6759}.Release|Any CPU.ActiveCfg = Release|Any CPU
		{8B0C7459-34B3-48B2-B2CA-E6C03B2D6759}.Release|Any CPU.Build.0 = Release|Any CPU
		{49B3FDFD-C1AB-4D7A-ABDF-60C7908F9744}.Debug|Any CPU.ActiveCfg = Debug|Any CPU
		{49B3FDFD-C1AB-4D7A-ABDF-60C7908F9744}.Debug|Any CPU.Build.0 = Debug|Any CPU
		{49B3FDFD-C1AB-4D7A-ABDF-60C7908F9744}.Release|Any CPU.ActiveCfg = Release|Any CPU
		{49B3FDFD-C1AB-4D7A-ABDF-60C7908F9744}.Release|Any CPU.Build.0 = Release|Any CPU
		{C69BBBFC-93FE-4C4D-8C2A-BE27642E19A7}.Debug|Any CPU.ActiveCfg = Debug|Any CPU
		{C69BBBFC-93FE-4C4D-8C2A-BE27642E19A7}.Debug|Any CPU.Build.0 = Debug|Any CPU
		{C69BBBFC-93FE-4C4D-8C2A-BE27642E19A7}.Release|Any CPU.ActiveCfg = Release|Any CPU
		{C69BBBFC-93FE-4C4D-8C2A-BE27642E19A7}.Release|Any CPU.Build.0 = Release|Any CPU
		{87DDF4B1-5323-4D74-95FF-BE41FEC8108C}.Debug|Any CPU.ActiveCfg = Debug|Any CPU
		{87DDF4B1-5323-4D74-95FF-BE41FEC8108C}.Debug|Any CPU.Build.0 = Debug|Any CPU
		{87DDF4B1-5323-4D74-95FF-BE41FEC8108C}.Release|Any CPU.ActiveCfg = Release|Any CPU
		{87DDF4B1-5323-4D74-95FF-BE41FEC8108C}.Release|Any CPU.Build.0 = Release|Any CPU
		{90F6EE76-AD53-4996-9D32-7EECF4F54B65}.Debug|Any CPU.ActiveCfg = Debug|Any CPU
		{90F6EE76-AD53-4996-9D32-7EECF4F54B65}.Debug|Any CPU.Build.0 = Debug|Any CPU
		{90F6EE76-AD53-4996-9D32-7EECF4F54B65}.Release|Any CPU.ActiveCfg = Release|Any CPU
		{90F6EE76-AD53-4996-9D32-7EECF4F54B65}.Release|Any CPU.Build.0 = Release|Any CPU
		{06669F1E-5AFE-4F50-83CF-080F9BEC4C40}.Debug|Any CPU.ActiveCfg = Debug|Any CPU
		{06669F1E-5AFE-4F50-83CF-080F9BEC4C40}.Debug|Any CPU.Build.0 = Debug|Any CPU
		{06669F1E-5AFE-4F50-83CF-080F9BEC4C40}.Release|Any CPU.ActiveCfg = Release|Any CPU
		{06669F1E-5AFE-4F50-83CF-080F9BEC4C40}.Release|Any CPU.Build.0 = Release|Any CPU
		{54DF26B6-C017-410D-8CEF-30739489A5C8}.Debug|Any CPU.ActiveCfg = Debug|Any CPU
		{54DF26B6-C017-410D-8CEF-30739489A5C8}.Debug|Any CPU.Build.0 = Debug|Any CPU
		{54DF26B6-C017-410D-8CEF-30739489A5C8}.Release|Any CPU.ActiveCfg = Release|Any CPU
		{54DF26B6-C017-410D-8CEF-30739489A5C8}.Release|Any CPU.Build.0 = Release|Any CPU
		{7DEADD90-5277-4272-A552-A314BAC853CE}.Debug|Any CPU.ActiveCfg = Debug|Any CPU
		{7DEADD90-5277-4272-A552-A314BAC853CE}.Debug|Any CPU.Build.0 = Debug|Any CPU
		{7DEADD90-5277-4272-A552-A314BAC853CE}.Release|Any CPU.ActiveCfg = Release|Any CPU
		{7DEADD90-5277-4272-A552-A314BAC853CE}.Release|Any CPU.Build.0 = Release|Any CPU
		{503549A2-E74A-4342-AC4D-F2D4F36F38F7}.Debug|Any CPU.ActiveCfg = Debug|Any CPU
		{503549A2-E74A-4342-AC4D-F2D4F36F38F7}.Debug|Any CPU.Build.0 = Debug|Any CPU
		{503549A2-E74A-4342-AC4D-F2D4F36F38F7}.Release|Any CPU.ActiveCfg = Release|Any CPU
		{503549A2-E74A-4342-AC4D-F2D4F36F38F7}.Release|Any CPU.Build.0 = Release|Any CPU
		{4DE7330D-EA6D-4CE2-8948-9226A8CCD947}.Debug|Any CPU.ActiveCfg = Debug|Any CPU
		{4DE7330D-EA6D-4CE2-8948-9226A8CCD947}.Debug|Any CPU.Build.0 = Debug|Any CPU
		{4DE7330D-EA6D-4CE2-8948-9226A8CCD947}.Release|Any CPU.ActiveCfg = Release|Any CPU
		{4DE7330D-EA6D-4CE2-8948-9226A8CCD947}.Release|Any CPU.Build.0 = Release|Any CPU
		{663CD207-70AE-4D7E-A8B3-B28B4287E36E}.Debug|Any CPU.ActiveCfg = Debug|Any CPU
		{663CD207-70AE-4D7E-A8B3-B28B4287E36E}.Debug|Any CPU.Build.0 = Debug|Any CPU
		{663CD207-70AE-4D7E-A8B3-B28B4287E36E}.Release|Any CPU.ActiveCfg = Release|Any CPU
		{663CD207-70AE-4D7E-A8B3-B28B4287E36E}.Release|Any CPU.Build.0 = Release|Any CPU
		{14E13454-544F-4979-B735-66C94FD55D00}.Debug|Any CPU.ActiveCfg = Debug|Any CPU
		{14E13454-544F-4979-B735-66C94FD55D00}.Debug|Any CPU.Build.0 = Debug|Any CPU
		{14E13454-544F-4979-B735-66C94FD55D00}.Release|Any CPU.ActiveCfg = Release|Any CPU
		{14E13454-544F-4979-B735-66C94FD55D00}.Release|Any CPU.Build.0 = Release|Any CPU
		{9B80EFA4-4B9D-4A18-A487-2E07CC88A69A}.Debug|Any CPU.ActiveCfg = Debug|Any CPU
		{9B80EFA4-4B9D-4A18-A487-2E07CC88A69A}.Debug|Any CPU.Build.0 = Debug|Any CPU
		{9B80EFA4-4B9D-4A18-A487-2E07CC88A69A}.Release|Any CPU.ActiveCfg = Release|Any CPU
		{9B80EFA4-4B9D-4A18-A487-2E07CC88A69A}.Release|Any CPU.Build.0 = Release|Any CPU
		{920F6AB4-AC1E-45A2-B3A0-B218EDB61DF9}.Debug|Any CPU.ActiveCfg = Debug|Any CPU
		{920F6AB4-AC1E-45A2-B3A0-B218EDB61DF9}.Debug|Any CPU.Build.0 = Debug|Any CPU
		{920F6AB4-AC1E-45A2-B3A0-B218EDB61DF9}.Release|Any CPU.ActiveCfg = Release|Any CPU
		{920F6AB4-AC1E-45A2-B3A0-B218EDB61DF9}.Release|Any CPU.Build.0 = Release|Any CPU
	EndGlobalSection
	GlobalSection(SolutionProperties) = preSolution
		HideSolutionNode = FALSE
	EndGlobalSection
	GlobalSection(NestedProjects) = preSolution
		{D28BC240-E681-4890-BAD3-A0D65B756EAF} = {FC295CBD-8BD4-4F47-B973-D3D1CEE20B51}
		{52088AAF-D28A-4EA1-90B8-7322D2FAD9A6} = {FC295CBD-8BD4-4F47-B973-D3D1CEE20B51}
		{44F44E62-C2DB-4205-B804-4281B91F59B7} = {0B9150F7-DA1B-4554-977D-5E3825BD7617}
		{1ED4DE81-E67E-4736-938F-A34ED7402812} = {0B9150F7-DA1B-4554-977D-5E3825BD7617}
		{A1D0DF96-3070-4B9D-A907-0C6103A65FDC} = {0B9150F7-DA1B-4554-977D-5E3825BD7617}
		{8B0C7459-34B3-48B2-B2CA-E6C03B2D6759} = {0B9150F7-DA1B-4554-977D-5E3825BD7617}
		{49B3FDFD-C1AB-4D7A-ABDF-60C7908F9744} = {0B9150F7-DA1B-4554-977D-5E3825BD7617}
		{C69BBBFC-93FE-4C4D-8C2A-BE27642E19A7} = {0B9150F7-DA1B-4554-977D-5E3825BD7617}
		{87DDF4B1-5323-4D74-95FF-BE41FEC8108C} = {0B9150F7-DA1B-4554-977D-5E3825BD7617}
		{90F6EE76-AD53-4996-9D32-7EECF4F54B65} = {0B9150F7-DA1B-4554-977D-5E3825BD7617}
		{06669F1E-5AFE-4F50-83CF-080F9BEC4C40} = {0B9150F7-DA1B-4554-977D-5E3825BD7617}
		{54DF26B6-C017-410D-8CEF-30739489A5C8} = {0B9150F7-DA1B-4554-977D-5E3825BD7617}
		{7DEADD90-5277-4272-A552-A314BAC853CE} = {0B9150F7-DA1B-4554-977D-5E3825BD7617}
		{503549A2-E74A-4342-AC4D-F2D4F36F38F7} = {0B9150F7-DA1B-4554-977D-5E3825BD7617}
		{4DE7330D-EA6D-4CE2-8948-9226A8CCD947} = {0B9150F7-DA1B-4554-977D-5E3825BD7617}
		{663CD207-70AE-4D7E-A8B3-B28B4287E36E} = {0B9150F7-DA1B-4554-977D-5E3825BD7617}
		{14E13454-544F-4979-B735-66C94FD55D00} = {0B9150F7-DA1B-4554-977D-5E3825BD7617}
		{9B80EFA4-4B9D-4A18-A487-2E07CC88A69A} = {0B9150F7-DA1B-4554-977D-5E3825BD7617}
		{920F6AB4-AC1E-45A2-B3A0-B218EDB61DF9} = {0B9150F7-DA1B-4554-977D-5E3825BD7617}
	EndGlobalSection
	GlobalSection(ExtensibilityGlobals) = postSolution
		SolutionGuid = {354C5442-7091-4CA0-91AF-2820F2768FB5}
	EndGlobalSection
EndGlobal
